
Microsoft Visual Studio Solution File, Format Version 12.00
# Visual Studio Version 16
VisualStudioVersion = 16.0.30011.22
MinimumVisualStudioVersion = 10.0.40219.1
Project("{FAE04EC0-301F-11D3-BF4B-00C04F79EFBC}") = "gbacs", "gbacs.csproj", "{3402541E-5CA9-488A-A665-F4B7BF2FC13D}"
EndProject
Global
	GlobalSection(SolutionConfigurationPlatforms) = preSolution
		Debug|Any CPU = Debug|Any CPU
		Release|Any CPU = Release|Any CPU
	EndGlobalSection
	GlobalSection(ProjectConfigurationPlatforms) = postSolution
		{3402541E-5CA9-488A-A665-F4B7BF2FC13D}.Debug|Any CPU.ActiveCfg = Debug|Any CPU
		{3402541E-5CA9-488A-A665-F4B7BF2FC13D}.Debug|Any CPU.Build.0 = Debug|Any CPU
		{3402541E-5CA9-488A-A665-F4B7BF2FC13D}.Release|Any CPU.ActiveCfg = Release|Any CPU
		{3402541E-5CA9-488A-A665-F4B7BF2FC13D}.Release|Any CPU.Build.0 = Release|Any CPU
	EndGlobalSection
	GlobalSection(SolutionProperties) = preSolution
		HideSolutionNode = FALSE
	EndGlobalSection
	GlobalSection(ExtensibilityGlobals) = postSolution
		SolutionGuid = {58ADFE7C-0C2D-4998-9BCE-4DA6010A85C1}
	EndGlobalSection
EndGlobal
